
Microsoft Visual Studio Solution File, Format Version 12.00
# Visual Studio Version 17
VisualStudioVersion = 17.0.31903.59
MinimumVisualStudioVersion = 10.0.40219.1
Project("{2150E333-8FDC-42A3-9474-1A3956D46DE8}") = "FGLogDog", "FGLogDog", "{B5EA1FE3-9E3E-48FA-8171-1EC01A081BAD}"
EndProject
Project("{9A19103F-16F7-4668-BE54-9A1E7A4F7556}") = "FGLogDog.Application", "FGLogDog\FGLogDog.Application\FGLogDog.Application.csproj", "{BFE5C970-6DBB-4B8B-8010-FE1C444474F1}"
EndProject
Project("{2150E333-8FDC-42A3-9474-1A3956D46DE8}") = "WebAPI", "WebAPI", "{E54C2A68-8DE9-4B7C-A921-46D4138A19F9}"
EndProject
Project("{9A19103F-16F7-4668-BE54-9A1E7A4F7556}") = "EagleEye.API", "WebAPI\EagleEye.API\EagleEye.API.csproj", "{A0E39DAE-18FE-499F-86B2-F0B27632EE60}"
EndProject
Project("{9A19103F-16F7-4668-BE54-9A1E7A4F7556}") = "EagleEye.Application", "WebAPI\EagleEye.Application\EagleEye.Application.csproj", "{1590210E-6A71-411A-BD47-FE273A3DABBD}"
EndProject
Project("{9A19103F-16F7-4668-BE54-9A1E7A4F7556}") = "EagleEye.Infrastructure", "WebAPI\EagleEye.Infrastructure\EagleEye.Infrastructure.csproj", "{4442FD8E-6E6A-4B83-8DAE-3983DEBB96A0}"
EndProject
Project("{9A19103F-16F7-4668-BE54-9A1E7A4F7556}") = "EagleEye.Logging", "WebAPI\EagleEye.Logging\EagleEye.Logging.csproj", "{6042E45F-3EBA-4363-8F6B-F09760765E93}"
EndProject
Project("{2150E333-8FDC-42A3-9474-1A3956D46DE8}") = "Services", "Services", "{CBE5FA94-2D57-4675-98E1-40349B33087A}"
EndProject
Project("{9A19103F-16F7-4668-BE54-9A1E7A4F7556}") = "FGLogDog.UDP.Receiver", "FGLogDog\Services\FGLogDog.UDP.Receiver\FGLogDog.UDP.Receiver.csproj", "{E8562790-CD66-41FC-BDEA-CE8D8CD942B4}"
EndProject
Project("{9A19103F-16F7-4668-BE54-9A1E7A4F7556}") = "FGLogDog.Logging", "FGLogDog\Services\FGLogDog.Logging\FGLogDog.Logging.csproj", "{F12FFED1-B15B-4198-8C25-762AFA06C611}"
EndProject
Project("{9A19103F-16F7-4668-BE54-9A1E7A4F7556}") = "FGLogDog.RabbitMQ.Producer", "FGLogDog\Services\FGLogDog.RabbitMQ.Producer\FGLogDog.RabbitMQ.Producer.csproj", "{1D72BDD8-62FE-41A9-B4CF-5D1EC6CBE14E}"
EndProject
Project("{9A19103F-16F7-4668-BE54-9A1E7A4F7556}") = "EagleEye.RabbitMqMessenger", "WebAPI\RabbitMqMessenger\EagleEye.RabbitMqMessenger.csproj", "{B151EDF2-6869-4B83-A948-C16E1C795A90}"
EndProject
Project("{FAE04EC0-301F-11D3-BF4B-00C04F79EFBC}") = "FGLogDog.Worker", "FGLogDog\FGLogDog.Worker\FGLogDog.Worker.csproj", "{14D62B55-655F-4D67-A61F-B98C80B24346}"
EndProject
Project("{FAE04EC0-301F-11D3-BF4B-00C04F79EFBC}") = "FGLogDog.TCP.Receiver", "FGLogDog\Services\FGLogDog.TCP.Receiver\FGLogDog.TCP.Receiver.csproj", "{6213E60C-8AF8-45EF-9FD4-E12C9F01FCD0}"
EndProject
Global
	GlobalSection(SolutionConfigurationPlatforms) = preSolution
		Debug|Any CPU = Debug|Any CPU
		Release|Any CPU = Release|Any CPU
	EndGlobalSection
	GlobalSection(ProjectConfigurationPlatforms) = postSolution
		{BFE5C970-6DBB-4B8B-8010-FE1C444474F1}.Debug|Any CPU.ActiveCfg = Debug|Any CPU
		{BFE5C970-6DBB-4B8B-8010-FE1C444474F1}.Debug|Any CPU.Build.0 = Debug|Any CPU
		{BFE5C970-6DBB-4B8B-8010-FE1C444474F1}.Release|Any CPU.ActiveCfg = Release|Any CPU
		{BFE5C970-6DBB-4B8B-8010-FE1C444474F1}.Release|Any CPU.Build.0 = Release|Any CPU
		{A0E39DAE-18FE-499F-86B2-F0B27632EE60}.Debug|Any CPU.ActiveCfg = Debug|Any CPU
		{A0E39DAE-18FE-499F-86B2-F0B27632EE60}.Debug|Any CPU.Build.0 = Debug|Any CPU
		{A0E39DAE-18FE-499F-86B2-F0B27632EE60}.Release|Any CPU.ActiveCfg = Release|Any CPU
		{A0E39DAE-18FE-499F-86B2-F0B27632EE60}.Release|Any CPU.Build.0 = Release|Any CPU
		{1590210E-6A71-411A-BD47-FE273A3DABBD}.Debug|Any CPU.ActiveCfg = Debug|Any CPU
		{1590210E-6A71-411A-BD47-FE273A3DABBD}.Debug|Any CPU.Build.0 = Debug|Any CPU
		{1590210E-6A71-411A-BD47-FE273A3DABBD}.Release|Any CPU.ActiveCfg = Release|Any CPU
		{1590210E-6A71-411A-BD47-FE273A3DABBD}.Release|Any CPU.Build.0 = Release|Any CPU
		{4442FD8E-6E6A-4B83-8DAE-3983DEBB96A0}.Debug|Any CPU.ActiveCfg = Debug|Any CPU
		{4442FD8E-6E6A-4B83-8DAE-3983DEBB96A0}.Debug|Any CPU.Build.0 = Debug|Any CPU
		{4442FD8E-6E6A-4B83-8DAE-3983DEBB96A0}.Release|Any CPU.ActiveCfg = Release|Any CPU
		{4442FD8E-6E6A-4B83-8DAE-3983DEBB96A0}.Release|Any CPU.Build.0 = Release|Any CPU
		{6042E45F-3EBA-4363-8F6B-F09760765E93}.Debug|Any CPU.ActiveCfg = Debug|Any CPU
		{6042E45F-3EBA-4363-8F6B-F09760765E93}.Debug|Any CPU.Build.0 = Debug|Any CPU
		{6042E45F-3EBA-4363-8F6B-F09760765E93}.Release|Any CPU.ActiveCfg = Release|Any CPU
		{6042E45F-3EBA-4363-8F6B-F09760765E93}.Release|Any CPU.Build.0 = Release|Any CPU
		{E8562790-CD66-41FC-BDEA-CE8D8CD942B4}.Debug|Any CPU.ActiveCfg = Debug|Any CPU
		{E8562790-CD66-41FC-BDEA-CE8D8CD942B4}.Debug|Any CPU.Build.0 = Debug|Any CPU
		{E8562790-CD66-41FC-BDEA-CE8D8CD942B4}.Release|Any CPU.ActiveCfg = Release|Any CPU
		{E8562790-CD66-41FC-BDEA-CE8D8CD942B4}.Release|Any CPU.Build.0 = Release|Any CPU
		{F12FFED1-B15B-4198-8C25-762AFA06C611}.Debug|Any CPU.ActiveCfg = Debug|Any CPU
		{F12FFED1-B15B-4198-8C25-762AFA06C611}.Debug|Any CPU.Build.0 = Debug|Any CPU
		{F12FFED1-B15B-4198-8C25-762AFA06C611}.Release|Any CPU.ActiveCfg = Release|Any CPU
		{F12FFED1-B15B-4198-8C25-762AFA06C611}.Release|Any CPU.Build.0 = Release|Any CPU
		{1D72BDD8-62FE-41A9-B4CF-5D1EC6CBE14E}.Debug|Any CPU.ActiveCfg = Debug|Any CPU
		{1D72BDD8-62FE-41A9-B4CF-5D1EC6CBE14E}.Debug|Any CPU.Build.0 = Debug|Any CPU
		{1D72BDD8-62FE-41A9-B4CF-5D1EC6CBE14E}.Release|Any CPU.ActiveCfg = Release|Any CPU
		{1D72BDD8-62FE-41A9-B4CF-5D1EC6CBE14E}.Release|Any CPU.Build.0 = Release|Any CPU
		{B151EDF2-6869-4B83-A948-C16E1C795A90}.Debug|Any CPU.ActiveCfg = Debug|Any CPU
		{B151EDF2-6869-4B83-A948-C16E1C795A90}.Debug|Any CPU.Build.0 = Debug|Any CPU
		{B151EDF2-6869-4B83-A948-C16E1C795A90}.Release|Any CPU.ActiveCfg = Release|Any CPU
		{B151EDF2-6869-4B83-A948-C16E1C795A90}.Release|Any CPU.Build.0 = Release|Any CPU
		{14D62B55-655F-4D67-A61F-B98C80B24346}.Debug|Any CPU.ActiveCfg = Debug|Any CPU
		{14D62B55-655F-4D67-A61F-B98C80B24346}.Debug|Any CPU.Build.0 = Debug|Any CPU
		{14D62B55-655F-4D67-A61F-B98C80B24346}.Release|Any CPU.ActiveCfg = Release|Any CPU
		{14D62B55-655F-4D67-A61F-B98C80B24346}.Release|Any CPU.Build.0 = Release|Any CPU
		{6213E60C-8AF8-45EF-9FD4-E12C9F01FCD0}.Debug|Any CPU.ActiveCfg = Debug|Any CPU
		{6213E60C-8AF8-45EF-9FD4-E12C9F01FCD0}.Debug|Any CPU.Build.0 = Debug|Any CPU
		{6213E60C-8AF8-45EF-9FD4-E12C9F01FCD0}.Release|Any CPU.ActiveCfg = Release|Any CPU
		{6213E60C-8AF8-45EF-9FD4-E12C9F01FCD0}.Release|Any CPU.Build.0 = Release|Any CPU
	EndGlobalSection
	GlobalSection(SolutionProperties) = preSolution
		HideSolutionNode = FALSE
	EndGlobalSection
	GlobalSection(NestedProjects) = preSolution
		{BFE5C970-6DBB-4B8B-8010-FE1C444474F1} = {B5EA1FE3-9E3E-48FA-8171-1EC01A081BAD}
		{A0E39DAE-18FE-499F-86B2-F0B27632EE60} = {E54C2A68-8DE9-4B7C-A921-46D4138A19F9}
		{1590210E-6A71-411A-BD47-FE273A3DABBD} = {E54C2A68-8DE9-4B7C-A921-46D4138A19F9}
		{4442FD8E-6E6A-4B83-8DAE-3983DEBB96A0} = {E54C2A68-8DE9-4B7C-A921-46D4138A19F9}
		{6042E45F-3EBA-4363-8F6B-F09760765E93} = {E54C2A68-8DE9-4B7C-A921-46D4138A19F9}
		{CBE5FA94-2D57-4675-98E1-40349B33087A} = {B5EA1FE3-9E3E-48FA-8171-1EC01A081BAD}
		{E8562790-CD66-41FC-BDEA-CE8D8CD942B4} = {CBE5FA94-2D57-4675-98E1-40349B33087A}
		{F12FFED1-B15B-4198-8C25-762AFA06C611} = {CBE5FA94-2D57-4675-98E1-40349B33087A}
		{1D72BDD8-62FE-41A9-B4CF-5D1EC6CBE14E} = {CBE5FA94-2D57-4675-98E1-40349B33087A}
		{B151EDF2-6869-4B83-A948-C16E1C795A90} = {E54C2A68-8DE9-4B7C-A921-46D4138A19F9}
		{14D62B55-655F-4D67-A61F-B98C80B24346} = {B5EA1FE3-9E3E-48FA-8171-1EC01A081BAD}
		{6213E60C-8AF8-45EF-9FD4-E12C9F01FCD0} = {CBE5FA94-2D57-4675-98E1-40349B33087A}
	EndGlobalSection
	GlobalSection(ExtensibilityGlobals) = postSolution
		SolutionGuid = {8B69E4DE-AF8B-48B6-A829-F730C97AC439}
	EndGlobalSection
EndGlobal
