
Microsoft Visual Studio Solution File, Format Version 12.00
# Visual Studio Version 17
VisualStudioVersion = 17.0.31903.59
MinimumVisualStudioVersion = 10.0.40219.1
Project("{2150E333-8FDC-42A3-9474-1A3956D46DE8}") = "FGLogDog", "FGLogDog", "{B5EA1FE3-9E3E-48FA-8171-1EC01A081BAD}"
EndProject
Project("{FAE04EC0-301F-11D3-BF4B-00C04F79EFBC}") = "FGLogDog.Application", "FGLogDog\FGLogDog.Application\FGLogDog.Application.csproj", "{BFE5C970-6DBB-4B8B-8010-FE1C444474F1}"
EndProject
Project("{FAE04EC0-301F-11D3-BF4B-00C04F79EFBC}") = "FGLogDog.Domain", "FGLogDog\FGLogDog.Domain\FGLogDog.Domain.csproj", "{C0006308-D998-4DA8-850E-8021EA0C6210}"
EndProject
Project("{FAE04EC0-301F-11D3-BF4B-00C04F79EFBC}") = "FGLogDog.Infrastructure", "FGLogDog\FGLogDog.Infrastructure\FGLogDog.Infrastructure.csproj", "{40999FFC-179A-4BB0-A45D-CF9D198E7A24}"
EndProject
Global
	GlobalSection(SolutionConfigurationPlatforms) = preSolution
		Debug|Any CPU = Debug|Any CPU
		Release|Any CPU = Release|Any CPU
	EndGlobalSection
	GlobalSection(SolutionProperties) = preSolution
		HideSolutionNode = FALSE
	EndGlobalSection
	GlobalSection(ProjectConfigurationPlatforms) = postSolution
		{BFE5C970-6DBB-4B8B-8010-FE1C444474F1}.Debug|Any CPU.ActiveCfg = Debug|Any CPU
		{BFE5C970-6DBB-4B8B-8010-FE1C444474F1}.Debug|Any CPU.Build.0 = Debug|Any CPU
		{BFE5C970-6DBB-4B8B-8010-FE1C444474F1}.Release|Any CPU.ActiveCfg = Release|Any CPU
		{BFE5C970-6DBB-4B8B-8010-FE1C444474F1}.Release|Any CPU.Build.0 = Release|Any CPU
		{C0006308-D998-4DA8-850E-8021EA0C6210}.Debug|Any CPU.ActiveCfg = Debug|Any CPU
		{C0006308-D998-4DA8-850E-8021EA0C6210}.Debug|Any CPU.Build.0 = Debug|Any CPU
		{C0006308-D998-4DA8-850E-8021EA0C6210}.Release|Any CPU.ActiveCfg = Release|Any CPU
		{C0006308-D998-4DA8-850E-8021EA0C6210}.Release|Any CPU.Build.0 = Release|Any CPU
		{40999FFC-179A-4BB0-A45D-CF9D198E7A24}.Debug|Any CPU.ActiveCfg = Debug|Any CPU
		{40999FFC-179A-4BB0-A45D-CF9D198E7A24}.Debug|Any CPU.Build.0 = Debug|Any CPU
		{40999FFC-179A-4BB0-A45D-CF9D198E7A24}.Release|Any CPU.ActiveCfg = Release|Any CPU
		{40999FFC-179A-4BB0-A45D-CF9D198E7A24}.Release|Any CPU.Build.0 = Release|Any CPU
	EndGlobalSection
	GlobalSection(NestedProjects) = preSolution
		{BFE5C970-6DBB-4B8B-8010-FE1C444474F1} = {B5EA1FE3-9E3E-48FA-8171-1EC01A081BAD}
		{C0006308-D998-4DA8-850E-8021EA0C6210} = {B5EA1FE3-9E3E-48FA-8171-1EC01A081BAD}
		{40999FFC-179A-4BB0-A45D-CF9D198E7A24} = {B5EA1FE3-9E3E-48FA-8171-1EC01A081BAD}
	EndGlobalSection
EndGlobal
